
Microsoft Visual Studio Solution File, Format Version 12.00
# Visual Studio Version 17
VisualStudioVersion = 17.10.34928.147
MinimumVisualStudioVersion = 10.0.40219.1
Project("{9A19103F-16F7-4668-BE54-9A1E7A4F7556}") = "CustomerCRUD.MVC", "CustomerCRUD.MVC\CustomerCRUD.MVC.csproj", "{4E29F586-23D5-477D-B162-04812DF02708}"
EndProject
Project("{FAE04EC0-301F-11D3-BF4B-00C04F79EFBC}") = "CustomerCRUD.API", "CustomerCRUD.API\CustomerCRUD.API.csproj", "{6AA580EA-3970-4599-80A7-39E4BDFA1132}"
EndProject
Global
	GlobalSection(SolutionConfigurationPlatforms) = preSolution
		Debug|Any CPU = Debug|Any CPU
		Release|Any CPU = Release|Any CPU
	EndGlobalSection
	GlobalSection(ProjectConfigurationPlatforms) = postSolution
		{4E29F586-23D5-477D-B162-04812DF02708}.Debug|Any CPU.ActiveCfg = Debug|Any CPU
		{4E29F586-23D5-477D-B162-04812DF02708}.Debug|Any CPU.Build.0 = Debug|Any CPU
		{4E29F586-23D5-477D-B162-04812DF02708}.Release|Any CPU.ActiveCfg = Release|Any CPU
		{4E29F586-23D5-477D-B162-04812DF02708}.Release|Any CPU.Build.0 = Release|Any CPU
		{6AA580EA-3970-4599-80A7-39E4BDFA1132}.Debug|Any CPU.ActiveCfg = Debug|Any CPU
		{6AA580EA-3970-4599-80A7-39E4BDFA1132}.Debug|Any CPU.Build.0 = Debug|Any CPU
		{6AA580EA-3970-4599-80A7-39E4BDFA1132}.Release|Any CPU.ActiveCfg = Release|Any CPU
		{6AA580EA-3970-4599-80A7-39E4BDFA1132}.Release|Any CPU.Build.0 = Release|Any CPU
	EndGlobalSection
	GlobalSection(SolutionProperties) = preSolution
		HideSolutionNode = FALSE
	EndGlobalSection
	GlobalSection(ExtensibilityGlobals) = postSolution
		SolutionGuid = {7B2A14D0-287E-450B-85E4-59887A600142}
	EndGlobalSection
EndGlobal
